
Microsoft Visual Studio Solution File, Format Version 12.00
# Visual Studio Version 17
VisualStudioVersion = 17.5.002.0
MinimumVisualStudioVersion = 10.0.40219.1
Project("{9A19103F-16F7-4668-BE54-9A1E7A4F7556}") = "Library", "Library\Library.csproj", "{1B8F7534-A68B-47F9-AFBA-B42BC91D645B}"
EndProject
Global
	GlobalSection(SolutionConfigurationPlatforms) = preSolution
		Debug|Any CPU = Debug|Any CPU
		Release|Any CPU = Release|Any CPU
	EndGlobalSection
	GlobalSection(ProjectConfigurationPlatforms) = postSolution
		{1B8F7534-A68B-47F9-AFBA-B42BC91D645B}.Debug|Any CPU.ActiveCfg = Debug|Any CPU
		{1B8F7534-A68B-47F9-AFBA-B42BC91D645B}.Debug|Any CPU.Build.0 = Debug|Any CPU
		{1B8F7534-A68B-47F9-AFBA-B42BC91D645B}.Release|Any CPU.ActiveCfg = Release|Any CPU
		{1B8F7534-A68B-47F9-AFBA-B42BC91D645B}.Release|Any CPU.Build.0 = Release|Any CPU
	EndGlobalSection
	GlobalSection(SolutionProperties) = preSolution
		HideSolutionNode = FALSE
	EndGlobalSection
	GlobalSection(ExtensibilityGlobals) = postSolution
		SolutionGuid = {134178B1-F3C9-49BD-A3B4-B97B1996C3C7}
	EndGlobalSection
EndGlobal
